PODS:
  - HandyJSON (4.1.1)
  - ReSwift (4.0.1)
  - Starscream (3.0.5)

DEPENDENCIES:
  - HandyJSON (~> 4.1.1)
  - ReSwift
  - Starscream (~> 3.0.2)

SPEC CHECKSUMS:
  HandyJSON: 3a3de917c4118767ffe41c29b5acba23409649f4
  ReSwift: f4012c613e13da7398827fe5aebdb938eaed40a3
  Starscream: faf918b2f2eff7d5dd21180646bf015a669673bd

PODFILE CHECKSUM: 9650e69c748522f2ee51bdcc6a574aec396d7a01

COCOAPODS: 1.4.0
