// !$*UTF8*$!
{
	archiveVersion = 1;
	classes = {
	};
	objectVersion = 48;
	objects = {

/* Begin PBXBuildFile section */
		1777819720228E41006D5E0A /* ReSwiftMonitor.h in Headers */ = {isa = PBXBuildFile; fileRef = 1777819520228E41006D5E0A /* ReSwiftMonitor.h */; settings = {ATTRIBUTES = (Public, ); }; };
		1777819C20228E9B006D5E0A /* MonitorMiddleware.swift in Sources */ = {isa = PBXBuildFile; fileRef = 1777819B20228E9B006D5E0A /* MonitorMiddleware.swift */; };
		177781A52023613A006D5E0A /* Serialization.swift in Sources */ = {isa = PBXBuildFile; fileRef = 177781A42023613A006D5E0A /* Serialization.swift */; };
		177781B220236A5F006D5E0A /* AppDelegate.swift in Sources */ = {isa = PBXBuildFile; fileRef = 177781B120236A5F006D5E0A /* AppDelegate.swift */; };
		177781B420236A5F006D5E0A /* ViewController.swift in Sources */ = {isa = PBXBuildFile; fileRef = 177781B320236A5F006D5E0A /* ViewController.swift */; };
		177781B720236A5F006D5E0A /* Main.storyboard in Resources */ = {isa = PBXBuildFile; fileRef = 177781B520236A5F006D5E0A /* Main.storyboard */; };
		177781B920236A5F006D5E0A /* Assets.xcassets in Resources */ = {isa = PBXBuildFile; fileRef = 177781B820236A5F006D5E0A /* Assets.xcassets */; };
		177781C620236B92006D5E0A /* AppState.swift in Sources */ = {isa = PBXBuildFile; fileRef = 177781C520236B92006D5E0A /* AppState.swift */; };
		177781C820236CF4006D5E0A /* CounterAction.swift in Sources */ = {isa = PBXBuildFile; fileRef = 177781C720236CF4006D5E0A /* CounterAction.swift */; };
		177D8EDA2100A53D004DE2C0 /* ReSwift.framework in Frameworks */ = {isa = PBXBuildFile; fileRef = 177D8ED72100A53C004DE2C0 /* ReSwift.framework */; };
		177D8EDE2100A5AA004DE2C0 /* HandyJSON.framework in Frameworks */ = {isa = PBXBuildFile; fileRef = 177D8ED82100A53D004DE2C0 /* HandyJSON.framework */; };
		177D8EDF2100A5AA004DE2C0 /* ReSwift.framework in Frameworks */ = {isa = PBXBuildFile; fileRef = 177D8ED72100A53C004DE2C0 /* ReSwift.framework */; };
		177D8EE02100A5AA004DE2C0 /* Starscream.framework in Frameworks */ = {isa = PBXBuildFile; fileRef = 177D8ED92100A53D004DE2C0 /* Starscream.framework */; };
		177D8EE22100A747004DE2C0 /* HandyJSON.framework in Frameworks */ = {isa = PBXBuildFile; fileRef = 177D8ED82100A53D004DE2C0 /* HandyJSON.framework */; };
		177D8EE32100A747004DE2C0 /* HandyJSON.framework in Embed Frameworks */ = {isa = PBXBuildFile; fileRef = 177D8ED82100A53D004DE2C0 /* HandyJSON.framework */; settings = {ATTRIBUTES = (CodeSignOnCopy, RemoveHeadersOnCopy, ); }; };
		177D8EE52100A748004DE2C0 /* ReSwift.framework in Embed Frameworks */ = {isa = PBXBuildFile; fileRef = 177D8ED72100A53C004DE2C0 /* ReSwift.framework */; settings = {ATTRIBUTES = (CodeSignOnCopy, RemoveHeadersOnCopy, ); }; };
		177D8EE62100A748004DE2C0 /* Starscream.framework in Frameworks */ = {isa = PBXBuildFile; fileRef = 177D8ED92100A53D004DE2C0 /* Starscream.framework */; };
		177D8EE72100A748004DE2C0 /* Starscream.framework in Embed Frameworks */ = {isa = PBXBuildFile; fileRef = 177D8ED92100A53D004DE2C0 /* Starscream.framework */; settings = {ATTRIBUTES = (CodeSignOnCopy, RemoveHeadersOnCopy, ); }; };
		177D8EE92100A756004DE2C0 /* ReSwiftMonitor.framework in Frameworks */ = {isa = PBXBuildFile; fileRef = 1777819320228E41006D5E0A /* ReSwiftMonitor.framework */; };
		177D8EEA2100A756004DE2C0 /* ReSwiftMonitor.framework in Embed Frameworks */ = {isa = PBXBuildFile; fileRef = 1777819320228E41006D5E0A /* ReSwiftMonitor.framework */; settings = {ATTRIBUTES = (CodeSignOnCopy, RemoveHeadersOnCopy, ); }; };
		177D8EEF21014B17004DE2C0 /* ScClient.swift in Sources */ = {isa = PBXBuildFile; fileRef = 177D8EEE21014B17004DE2C0 /* ScClient.swift */; };
		177D8EFC21014B4D004DE2C0 /* Event.swift in Sources */ = {isa = PBXBuildFile; fileRef = 177D8EF121014B4C004DE2C0 /* Event.swift */; };
		177D8EFD21014B4D004DE2C0 /* Parser.swift in Sources */ = {isa = PBXBuildFile; fileRef = 177D8EF321014B4C004DE2C0 /* Parser.swift */; };
		177D8EFE21014B4D004DE2C0 /* AtomicInteger.swift in Sources */ = {isa = PBXBuildFile; fileRef = 177D8EF521014B4D004DE2C0 /* AtomicInteger.swift */; };
		177D8EFF21014B4D004DE2C0 /* JsonSerializer.swift in Sources */ = {isa = PBXBuildFile; fileRef = 177D8EF621014B4D004DE2C0 /* JsonSerializer.swift */; };
		177D8F0021014B4D004DE2C0 /* ClientUtils.swift in Sources */ = {isa = PBXBuildFile; fileRef = 177D8EF721014B4D004DE2C0 /* ClientUtils.swift */; };
		177D8F0121014B4D004DE2C0 /* JSONStringify.swift in Sources */ = {isa = PBXBuildFile; fileRef = 177D8EF821014B4D004DE2C0 /* JSONStringify.swift */; };
		177D8F0221014B4D004DE2C0 /* Miscellaneous.swift in Sources */ = {isa = PBXBuildFile; fileRef = 177D8EF921014B4D004DE2C0 /* Miscellaneous.swift */; };
		177D8F0321014B4D004DE2C0 /* Listener.swift in Sources */ = {isa = PBXBuildFile; fileRef = 177D8EFB21014B4D004DE2C0 /* Listener.swift */; };
		17B5D26E22D0D9CF000401CE /* LaunchScreen.storyboard in Resources */ = {isa = PBXBuildFile; fileRef = 17B5D26D22D0D9CF000401CE /* LaunchScreen.storyboard */; };
/* End PBXBuildFile section */

/* Begin PBXContainerItemProxy section */
		177781C220236A81006D5E0A /* PBXContainerItemProxy */ = {
			isa = PBXContainerItemProxy;
			containerPortal = 177780FD20228B1C006D5E0A /* Project object */;
			proxyType = 1;
			remoteGlobalIDString = 1777819220228E41006D5E0A;
			remoteInfo = ReSwiftMonitor;
		};
/* End PBXContainerItemProxy section */

/* Begin PBXCopyFilesBuildPhase section */
		177D8EE82100A748004DE2C0 /* Embed Frameworks */ = {
			isa = PBXCopyFilesBuildPhase;
			buildActionMask = 2147483647;
			dstPath = "";
			dstSubfolderSpec = 10;
			files = (
				177D8EEA2100A756004DE2C0 /* ReSwiftMonitor.framework in Embed Frameworks */,
				177D8EE32100A747004DE2C0 /* HandyJSON.framework in Embed Frameworks */,
				177D8EE72100A748004DE2C0 /* Starscream.framework in Embed Frameworks */,
				177D8EE52100A748004DE2C0 /* ReSwift.framework in Embed Frameworks */,
			);
			name = "Embed Frameworks";
			runOnlyForDeploymentPostprocessing = 0;
		};
/* End PBXCopyFilesBuildPhase section */

/* Begin PBXFileReference section */
		1777819320228E41006D5E0A /* ReSwiftMonitor.framework */ = {isa = PBXFileReference; explicitFileType = wrapper.framework; includeInIndex = 0; path = ReSwiftMonitor.framework; sourceTree = BUILT_PRODUCTS_DIR; };
		1777819520228E41006D5E0A /* ReSwiftMonitor.h */ = {isa = PBXFileReference; lastKnownFileType = sourcecode.c.h; path = ReSwiftMonitor.h; sourceTree = "<group>"; };
		1777819620228E41006D5E0A /* Info.plist */ = {isa = PBXFileReference; lastKnownFileType = text.plist.xml; path = Info.plist; sourceTree = "<group>"; };
		1777819B20228E9B006D5E0A /* MonitorMiddleware.swift */ = {isa = PBXFileReference; lastKnownFileType = sourcecode.swift; path = MonitorMiddleware.swift; sourceTree = "<group>"; };
		177781A42023613A006D5E0A /* Serialization.swift */ = {isa = PBXFileReference; lastKnownFileType = sourcecode.swift; path = Serialization.swift; sourceTree = "<group>"; };
		177781AF20236A5F006D5E0A /* ReSwiftMonitor+Sample.app */ = {isa = PBXFileReference; explicitFileType = wrapper.application; includeInIndex = 0; path = "ReSwiftMonitor+Sample.app"; sourceTree = BUILT_PRODUCTS_DIR; };
		177781B120236A5F006D5E0A /* AppDelegate.swift */ = {isa = PBXFileReference; lastKnownFileType = sourcecode.swift; path = AppDelegate.swift; sourceTree = "<group>"; };
		177781B320236A5F006D5E0A /* ViewController.swift */ = {isa = PBXFileReference; lastKnownFileType = sourcecode.swift; path = ViewController.swift; sourceTree = "<group>"; };
		177781B620236A5F006D5E0A /* Base */ = {isa = PBXFileReference; lastKnownFileType = file.storyboard; name = Base; path = Base.lproj/Main.storyboard; sourceTree = "<group>"; };
		177781B820236A5F006D5E0A /* Assets.xcassets */ = {isa = PBXFileReference; lastKnownFileType = folder.assetcatalog; path = Assets.xcassets; sourceTree = "<group>"; };
		177781BD20236A5F006D5E0A /* Info.plist */ = {isa = PBXFileReference; lastKnownFileType = text.plist.xml; path = Info.plist; sourceTree = "<group>"; };
		177781C520236B92006D5E0A /* AppState.swift */ = {isa = PBXFileReference; lastKnownFileType = sourcecode.swift; path = AppState.swift; sourceTree = "<group>"; };
		177781C720236CF4006D5E0A /* CounterAction.swift */ = {isa = PBXFileReference; lastKnownFileType = sourcecode.swift; path = CounterAction.swift; sourceTree = "<group>"; };
		177D8ED72100A53C004DE2C0 /* ReSwift.framework */ = {isa = PBXFileReference; lastKnownFileType = wrapper.framework; name = ReSwift.framework; path = Carthage/Build/iOS/ReSwift.framework; sourceTree = "<group>"; };
		177D8ED82100A53D004DE2C0 /* HandyJSON.framework */ = {isa = PBXFileReference; lastKnownFileType = wrapper.framework; name = HandyJSON.framework; path = Carthage/Build/iOS/HandyJSON.framework; sourceTree = "<group>"; };
		177D8ED92100A53D004DE2C0 /* Starscream.framework */ = {isa = PBXFileReference; lastKnownFileType = wrapper.framework; name = Starscream.framework; path = Carthage/Build/iOS/Starscream.framework; sourceTree = "<group>"; };
		177D8EEE21014B17004DE2C0 /* ScClient.swift */ = {isa = PBXFileReference; fileEncoding = 4; lastKnownFileType = sourcecode.swift; path = ScClient.swift; sourceTree = "<group>"; };
		177D8EF121014B4C004DE2C0 /* Event.swift */ = {isa = PBXFileReference; fileEncoding = 4; lastKnownFileType = sourcecode.swift; path = Event.swift; sourceTree = "<group>"; };
		177D8EF321014B4C004DE2C0 /* Parser.swift */ = {isa = PBXFileReference; fileEncoding = 4; lastKnownFileType = sourcecode.swift; path = Parser.swift; sourceTree = "<group>"; };
		177D8EF521014B4D004DE2C0 /* AtomicInteger.swift */ = {isa = PBXFileReference; fileEncoding = 4; lastKnownFileType = sourcecode.swift; path = AtomicInteger.swift; sourceTree = "<group>"; };
		177D8EF621014B4D004DE2C0 /* JsonSerializer.swift */ = {isa = PBXFileReference; fileEncoding = 4; lastKnownFileType = sourcecode.swift; path = JsonSerializer.swift; sourceTree = "<group>"; };
		177D8EF721014B4D004DE2C0 /* ClientUtils.swift */ = {isa = PBXFileReference; fileEncoding = 4; lastKnownFileType = sourcecode.swift; path = ClientUtils.swift; sourceTree = "<group>"; };
		177D8EF821014B4D004DE2C0 /* JSONStringify.swift */ = {isa = PBXFileReference; fileEncoding = 4; lastKnownFileType = sourcecode.swift; path = JSONStringify.swift; sourceTree = "<group>"; };
		177D8EF921014B4D004DE2C0 /* Miscellaneous.swift */ = {isa = PBXFileReference; fileEncoding = 4; lastKnownFileType = sourcecode.swift; path = Miscellaneous.swift; sourceTree = "<group>"; };
		177D8EFB21014B4D004DE2C0 /* Listener.swift */ = {isa = PBXFileReference; fileEncoding = 4; lastKnownFileType = sourcecode.swift; path = Listener.swift; sourceTree = "<group>"; };
		17B5D26D22D0D9CF000401CE /* LaunchScreen.storyboard */ = {isa = PBXFileReference; lastKnownFileType = file.storyboard; path = LaunchScreen.storyboard; sourceTree = "<group>"; };
/* End PBXFileReference section */

/* Begin PBXFrameworksBuildPhase section */
		1777818F20228E41006D5E0A /* Frameworks */ = {
			isa = PBXFrameworksBuildPhase;
			buildActionMask = 2147483647;
			files = (
				177D8EDE2100A5AA004DE2C0 /* HandyJSON.framework in Frameworks */,
				177D8EDF2100A5AA004DE2C0 /* ReSwift.framework in Frameworks */,
				177D8EE02100A5AA004DE2C0 /* Starscream.framework in Frameworks */,
			);
			runOnlyForDeploymentPostprocessing = 0;
		};
		177781AC20236A5F006D5E0A /* Frameworks */ = {
			isa = PBXFrameworksBuildPhase;
			buildActionMask = 2147483647;
			files = (
				177D8EDA2100A53D004DE2C0 /* ReSwift.framework in Frameworks */,
				177D8EE92100A756004DE2C0 /* ReSwiftMonitor.framework in Frameworks */,
				177D8EE62100A748004DE2C0 /* Starscream.framework in Frameworks */,
				177D8EE22100A747004DE2C0 /* HandyJSON.framework in Frameworks */,
			);
			runOnlyForDeploymentPostprocessing = 0;
		};
/* End PBXFrameworksBuildPhase section */

/* Begin PBXGroup section */
		177780FC20228B1C006D5E0A = {
			isa = PBXGroup;
			children = (
				1777819420228E41006D5E0A /* Sources */,
				177781B020236A5F006D5E0A /* ReSwiftMonitor+Sample */,
				1777810620228B1C006D5E0A /* Products */,
				6380827EEB58ED91EBC2806D /* Frameworks */,
			);
			sourceTree = "<group>";
		};
		1777810620228B1C006D5E0A /* Products */ = {
			isa = PBXGroup;
			children = (
				1777819320228E41006D5E0A /* ReSwiftMonitor.framework */,
				177781AF20236A5F006D5E0A /* ReSwiftMonitor+Sample.app */,
			);
			name = Products;
			sourceTree = "<group>";
		};
		1777819420228E41006D5E0A /* Sources */ = {
			isa = PBXGroup;
			children = (
				177D8EFA21014B4D004DE2C0 /* Emitter */,
				177D8EF021014B4C004DE2C0 /* Models */,
				177D8EF221014B4C004DE2C0 /* Parser */,
				177D8EF421014B4D004DE2C0 /* Utils */,
				1777819520228E41006D5E0A /* ReSwiftMonitor.h */,
				1777819620228E41006D5E0A /* Info.plist */,
				1777819B20228E9B006D5E0A /* MonitorMiddleware.swift */,
				177D8EEE21014B17004DE2C0 /* ScClient.swift */,
				177781A42023613A006D5E0A /* Serialization.swift */,
			);
			path = Sources;
			sourceTree = "<group>";
		};
		177781B020236A5F006D5E0A /* ReSwiftMonitor+Sample */ = {
			isa = PBXGroup;
			children = (
				177781B120236A5F006D5E0A /* AppDelegate.swift */,
				177781B320236A5F006D5E0A /* ViewController.swift */,
				177781B520236A5F006D5E0A /* Main.storyboard */,
				177781B820236A5F006D5E0A /* Assets.xcassets */,
				177781BD20236A5F006D5E0A /* Info.plist */,
				177781C520236B92006D5E0A /* AppState.swift */,
				177781C720236CF4006D5E0A /* CounterAction.swift */,
				17B5D26D22D0D9CF000401CE /* LaunchScreen.storyboard */,
			);
			path = "ReSwiftMonitor+Sample";
			sourceTree = "<group>";
		};
		177D8EF021014B4C004DE2C0 /* Models */ = {
			isa = PBXGroup;
			children = (
				177D8EF121014B4C004DE2C0 /* Event.swift */,
			);
			path = Models;
			sourceTree = "<group>";
		};
		177D8EF221014B4C004DE2C0 /* Parser */ = {
			isa = PBXGroup;
			children = (
				177D8EF321014B4C004DE2C0 /* Parser.swift */,
			);
			path = Parser;
			sourceTree = "<group>";
		};
		177D8EF421014B4D004DE2C0 /* Utils */ = {
			isa = PBXGroup;
			children = (
				177D8EF521014B4D004DE2C0 /* AtomicInteger.swift */,
				177D8EF621014B4D004DE2C0 /* JsonSerializer.swift */,
				177D8EF721014B4D004DE2C0 /* ClientUtils.swift */,
				177D8EF821014B4D004DE2C0 /* JSONStringify.swift */,
				177D8EF921014B4D004DE2C0 /* Miscellaneous.swift */,
			);
			path = Utils;
			sourceTree = "<group>";
		};
		177D8EFA21014B4D004DE2C0 /* Emitter */ = {
			isa = PBXGroup;
			children = (
				177D8EFB21014B4D004DE2C0 /* Listener.swift */,
			);
			path = Emitter;
			sourceTree = "<group>";
		};
		6380827EEB58ED91EBC2806D /* Frameworks */ = {
			isa = PBXGroup;
			children = (
				177D8ED82100A53D004DE2C0 /* HandyJSON.framework */,
				177D8ED72100A53C004DE2C0 /* ReSwift.framework */,
				177D8ED92100A53D004DE2C0 /* Starscream.framework */,
			);
			name = Frameworks;
			sourceTree = "<group>";
		};
/* End PBXGroup section */

/* Begin PBXHeadersBuildPhase section */
		1777819020228E41006D5E0A /* Headers */ = {
			isa = PBXHeadersBuildPhase;
			buildActionMask = 2147483647;
			files = (
				1777819720228E41006D5E0A /* ReSwiftMonitor.h in Headers */,
			);
			runOnlyForDeploymentPostprocessing = 0;
		};
/* End PBXHeadersBuildPhase section */

/* Begin PBXNativeTarget section */
		1777819220228E41006D5E0A /* ReSwiftMonitor */ = {
			isa = PBXNativeTarget;
			buildConfigurationList = 1777819820228E41006D5E0A /* Build configuration list for PBXNativeTarget "ReSwiftMonitor" */;
			buildPhases = (
				1777818E20228E41006D5E0A /* Sources */,
				1777818F20228E41006D5E0A /* Frameworks */,
				1777819020228E41006D5E0A /* Headers */,
				1777819120228E41006D5E0A /* Resources */,
			);
			buildRules = (
			);
			dependencies = (
			);
			name = ReSwiftMonitor;
			productName = ReSwiftMonitor;
			productReference = 1777819320228E41006D5E0A /* ReSwiftMonitor.framework */;
			productType = "com.apple.product-type.framework";
		};
		177781AE20236A5F006D5E0A /* ReSwiftMonitor+Sample */ = {
			isa = PBXNativeTarget;
			buildConfigurationList = 177781C120236A5F006D5E0A /* Build configuration list for PBXNativeTarget "ReSwiftMonitor+Sample" */;
			buildPhases = (
				177781AB20236A5F006D5E0A /* Sources */,
				177781AC20236A5F006D5E0A /* Frameworks */,
				177781AD20236A5F006D5E0A /* Resources */,
				177D8EE82100A748004DE2C0 /* Embed Frameworks */,
			);
			buildRules = (
			);
			dependencies = (
				177781C320236A81006D5E0A /* PBXTargetDependency */,
			);
			name = "ReSwiftMonitor+Sample";
			productName = "ReSwiftMonitor+Sample";
			productReference = 177781AF20236A5F006D5E0A /* ReSwiftMonitor+Sample.app */;
			productType = "com.apple.product-type.application";
		};
/* End PBXNativeTarget section */

/* Begin PBXProject section */
		177780FD20228B1C006D5E0A /* Project object */ = {
			isa = PBXProject;
			attributes = {
				LastSwiftUpdateCheck = 0920;
				LastUpgradeCheck = 0940;
				ORGANIZATIONNAME = "Takuya Ohsawa";
				TargetAttributes = {
					1777819220228E41006D5E0A = {
						CreatedOnToolsVersion = 9.2;
						LastSwiftMigration = 1020;
						ProvisioningStyle = Manual;
					};
					177781AE20236A5F006D5E0A = {
						CreatedOnToolsVersion = 9.2;
						LastSwiftMigration = 1020;
						ProvisioningStyle = Automatic;
					};
				};
			};
			buildConfigurationList = 1777810020228B1C006D5E0A /* Build configuration list for PBXProject "ReSwiftMonitor" */;
			compatibilityVersion = "Xcode 8.0";
			developmentRegion = en;
			hasScannedForEncodings = 0;
			knownRegions = (
				en,
				Base,
			);
			mainGroup = 177780FC20228B1C006D5E0A;
			productRefGroup = 1777810620228B1C006D5E0A /* Products */;
			projectDirPath = "";
			projectRoot = "";
			targets = (
				1777819220228E41006D5E0A /* ReSwiftMonitor */,
				177781AE20236A5F006D5E0A /* ReSwiftMonitor+Sample */,
			);
		};
/* End PBXProject section */

/* Begin PBXResourcesBuildPhase section */
		1777819120228E41006D5E0A /* Resources */ = {
			isa = PBXResourcesBuildPhase;
			buildActionMask = 2147483647;
			files = (
			);
			runOnlyForDeploymentPostprocessing = 0;
		};
		177781AD20236A5F006D5E0A /* Resources */ = {
			isa = PBXResourcesBuildPhase;
			buildActionMask = 2147483647;
			files = (
				17B5D26E22D0D9CF000401CE /* LaunchScreen.storyboard in Resources */,
				177781B920236A5F006D5E0A /* Assets.xcassets in Resources */,
				177781B720236A5F006D5E0A /* Main.storyboard in Resources */,
			);
			runOnlyForDeploymentPostprocessing = 0;
		};
/* End PBXResourcesBuildPhase section */

/* Begin PBXSourcesBuildPhase section */
		1777818E20228E41006D5E0A /* Sources */ = {
			isa = PBXSourcesBuildPhase;
			buildActionMask = 2147483647;
			files = (
				177D8EFC21014B4D004DE2C0 /* Event.swift in Sources */,
				177D8F0321014B4D004DE2C0 /* Listener.swift in Sources */,
				177D8EFE21014B4D004DE2C0 /* AtomicInteger.swift in Sources */,
				177D8EFF21014B4D004DE2C0 /* JsonSerializer.swift in Sources */,
				177D8F0121014B4D004DE2C0 /* JSONStringify.swift in Sources */,
				177D8EEF21014B17004DE2C0 /* ScClient.swift in Sources */,
				177D8F0021014B4D004DE2C0 /* ClientUtils.swift in Sources */,
				177D8F0221014B4D004DE2C0 /* Miscellaneous.swift in Sources */,
				177D8EFD21014B4D004DE2C0 /* Parser.swift in Sources */,
				1777819C20228E9B006D5E0A /* MonitorMiddleware.swift in Sources */,
				177781A52023613A006D5E0A /* Serialization.swift in Sources */,
			);
			runOnlyForDeploymentPostprocessing = 0;
		};
		177781AB20236A5F006D5E0A /* Sources */ = {
			isa = PBXSourcesBuildPhase;
			buildActionMask = 2147483647;
			files = (
				177781C820236CF4006D5E0A /* CounterAction.swift in Sources */,
				177781C620236B92006D5E0A /* AppState.swift in Sources */,
				177781B420236A5F006D5E0A /* ViewController.swift in Sources */,
				177781B220236A5F006D5E0A /* AppDelegate.swift in Sources */,
			);
			runOnlyForDeploymentPostprocessing = 0;
		};
/* End PBXSourcesBuildPhase section */

/* Begin PBXTargetDependency section */
		177781C320236A81006D5E0A /* PBXTargetDependency */ = {
			isa = PBXTargetDependency;
			target = 1777819220228E41006D5E0A /* ReSwiftMonitor */;
			targetProxy = 177781C220236A81006D5E0A /* PBXContainerItemProxy */;
		};
/* End PBXTargetDependency section */

/* Begin PBXVariantGroup section */
		177781B520236A5F006D5E0A /* Main.storyboard */ = {
			isa = PBXVariantGroup;
			children = (
				177781B620236A5F006D5E0A /* Base */,
			);
			name = Main.storyboard;
			sourceTree = "<group>";
		};
/* End PBXVariantGroup section */

/* Begin XCBuildConfiguration section */
		1777811520228B1C006D5E0A /* Debug */ = {
			isa = XCBuildConfiguration;
			buildSettings = {
				ALWAYS_SEARCH_USER_PATHS = NO;
				CLANG_ANALYZER_NONNULL = YES;
				CLANG_ANALYZER_NUMBER_OBJECT_CONVERSION = YES_AGGRESSIVE;
				CLANG_CXX_LANGUAGE_STANDARD = "gnu++14";
				CLANG_CXX_LIBRARY = "libc++";
				CLANG_ENABLE_MODULES = YES;
				CLANG_ENABLE_OBJC_ARC = YES;
				CLANG_WARN_BLOCK_CAPTURE_AUTORELEASING = YES;
				CLANG_WARN_BOOL_CONVERSION = YES;
				CLANG_WARN_COMMA = YES;
				CLANG_WARN_CONSTANT_CONVERSION = YES;
				CLANG_WARN_DEPRECATED_OBJC_IMPLEMENTATIONS = YES;
				CLANG_WARN_DIRECT_OBJC_ISA_USAGE = YES_ERROR;
				CLANG_WARN_DOCUMENTATION_COMMENTS = YES;
				CLANG_WARN_EMPTY_BODY = YES;
				CLANG_WARN_ENUM_CONVERSION = YES;
				CLANG_WARN_INFINITE_RECURSION = YES;
				CLANG_WARN_INT_CONVERSION = YES;
				CLANG_WARN_NON_LITERAL_NULL_CONVERSION = YES;
				CLANG_WARN_OBJC_IMPLICIT_RETAIN_SELF = YES;
				CLANG_WARN_OBJC_LITERAL_CONVERSION = YES;
				CLANG_WARN_OBJC_ROOT_CLASS = YES_ERROR;
				CLANG_WARN_RANGE_LOOP_ANALYSIS = YES;
				CLANG_WARN_STRICT_PROTOTYPES = YES;
				CLANG_WARN_SUSPICIOUS_MOVE = YES;
				CLANG_WARN_UNGUARDED_AVAILABILITY = YES_AGGRESSIVE;
				CLANG_WARN_UNREACHABLE_CODE = YES;
				CLANG_WARN__DUPLICATE_METHOD_MATCH = YES;
				CODE_SIGN_IDENTITY = "iPhone Developer";
				COPY_PHASE_STRIP = NO;
				DEBUG_INFORMATION_FORMAT = dwarf;
				ENABLE_STRICT_OBJC_MSGSEND = YES;
				ENABLE_TESTABILITY = YES;
				GCC_C_LANGUAGE_STANDARD = gnu11;
				GCC_DYNAMIC_NO_PIC = NO;
				GCC_NO_COMMON_BLOCKS = YES;
				GCC_OPTIMIZATION_LEVEL = 0;
				GCC_PREPROCESSOR_DEFINITIONS = (
					"DEBUG=1",
					"$(inherited)",
				);
				GCC_WARN_64_TO_32_BIT_CONVERSION = YES;
				GCC_WARN_ABOUT_RETURN_TYPE = YES_ERROR;
				GCC_WARN_UNDECLARED_SELECTOR = YES;
				GCC_WARN_UNINITIALIZED_AUTOS = YES_AGGRESSIVE;
				GCC_WARN_UNUSED_FUNCTION = YES;
				GCC_WARN_UNUSED_VARIABLE = YES;
				IPHONEOS_DEPLOYMENT_TARGET = 12.2;
				MTL_ENABLE_DEBUG_INFO = YES;
				ONLY_ACTIVE_ARCH = YES;
				SDKROOT = iphoneos;
				SWIFT_ACTIVE_COMPILATION_CONDITIONS = DEBUG;
				SWIFT_OPTIMIZATION_LEVEL = "-Onone";
			};
			name = Debug;
		};
		1777811620228B1C006D5E0A /* Release */ = {
			isa = XCBuildConfiguration;
			buildSettings = {
				ALWAYS_SEARCH_USER_PATHS = NO;
				CLANG_ANALYZER_NONNULL = YES;
				CLANG_ANALYZER_NUMBER_OBJECT_CONVERSION = YES_AGGRESSIVE;
				CLANG_CXX_LANGUAGE_STANDARD = "gnu++14";
				CLANG_CXX_LIBRARY = "libc++";
				CLANG_ENABLE_MODULES = YES;
				CLANG_ENABLE_OBJC_ARC = YES;
				CLANG_WARN_BLOCK_CAPTURE_AUTORELEASING = YES;
				CLANG_WARN_BOOL_CONVERSION = YES;
				CLANG_WARN_COMMA = YES;
				CLANG_WARN_CONSTANT_CONVERSION = YES;
				CLANG_WARN_DEPRECATED_OBJC_IMPLEMENTATIONS = YES;
				CLANG_WARN_DIRECT_OBJC_ISA_USAGE = YES_ERROR;
				CLANG_WARN_DOCUMENTATION_COMMENTS = YES;
				CLANG_WARN_EMPTY_BODY = YES;
				CLANG_WARN_ENUM_CONVERSION = YES;
				CLANG_WARN_INFINITE_RECURSION = YES;
				CLANG_WARN_INT_CONVERSION = YES;
				CLANG_WARN_NON_LITERAL_NULL_CONVERSION = YES;
				CLANG_WARN_OBJC_IMPLICIT_RETAIN_SELF = YES;
				CLANG_WARN_OBJC_LITERAL_CONVERSION = YES;
				CLANG_WARN_OBJC_ROOT_CLASS = YES_ERROR;
				CLANG_WARN_RANGE_LOOP_ANALYSIS = YES;
				CLANG_WARN_STRICT_PROTOTYPES = YES;
				CLANG_WARN_SUSPICIOUS_MOVE = YES;
				CLANG_WARN_UNGUARDED_AVAILABILITY = YES_AGGRESSIVE;
				CLANG_WARN_UNREACHABLE_CODE = YES;
				CLANG_WARN__DUPLICATE_METHOD_MATCH = YES;
				CODE_SIGN_IDENTITY = "iPhone Developer";
				COPY_PHASE_STRIP = NO;
				DEBUG_INFORMATION_FORMAT = "dwarf-with-dsym";
				ENABLE_NS_ASSERTIONS = NO;
				ENABLE_STRICT_OBJC_MSGSEND = YES;
				GCC_C_LANGUAGE_STANDARD = gnu11;
				GCC_NO_COMMON_BLOCKS = YES;
				GCC_WARN_64_TO_32_BIT_CONVERSION = YES;
				GCC_WARN_ABOUT_RETURN_TYPE = YES_ERROR;
				GCC_WARN_UNDECLARED_SELECTOR = YES;
				GCC_WARN_UNINITIALIZED_AUTOS = YES_AGGRESSIVE;
				GCC_WARN_UNUSED_FUNCTION = YES;
				GCC_WARN_UNUSED_VARIABLE = YES;
				IPHONEOS_DEPLOYMENT_TARGET = 12.2;
				MTL_ENABLE_DEBUG_INFO = NO;
				SDKROOT = iphoneos;
				SWIFT_OPTIMIZATION_LEVEL = "-Owholemodule";
				VALIDATE_PRODUCT = YES;
			};
			name = Release;
		};
		1777819920228E41006D5E0A /* Debug */ = {
			isa = XCBuildConfiguration;
			buildSettings = {
				APPLICATION_EXTENSION_API_ONLY = NO;
				CLANG_ALLOW_NON_MODULAR_INCLUDES_IN_FRAMEWORK_MODULES = YES;
				CLANG_ENABLE_MODULES = YES;
				CODE_SIGN_IDENTITY = "";
				CODE_SIGN_STYLE = Manual;
				CURRENT_PROJECT_VERSION = 1;
				DEFINES_MODULE = YES;
				DEVELOPMENT_TEAM = "";
				DYLIB_COMPATIBILITY_VERSION = 1;
				DYLIB_CURRENT_VERSION = 1;
				DYLIB_INSTALL_NAME_BASE = "@rpath";
				ENABLE_BITCODE = NO;
				FRAMEWORK_SEARCH_PATHS = "$(PROJECT_DIR)/Carthage/Build/iOS";
				INFOPLIST_FILE = Sources/Info.plist;
				INSTALL_PATH = "$(LOCAL_LIBRARY_DIR)/Frameworks";
				IPHONEOS_DEPLOYMENT_TARGET = 9.0;
				LD_RUNPATH_SEARCH_PATHS = "$(inherited) @executable_path/Frameworks @loader_path/Frameworks";
				PRODUCT_BUNDLE_IDENTIFIER = reswiftmonitor.github.io.ReSwiftMonitor;
				PRODUCT_NAME = "$(TARGET_NAME:c99extidentifier)";
				PROVISIONING_PROFILE_SPECIFIER = "";
				SKIP_INSTALL = YES;
				SWIFT_OPTIMIZATION_LEVEL = "-Onone";
				SWIFT_VERSION = 5.0;
				TARGETED_DEVICE_FAMILY = "1,2";
				VERSIONING_SYSTEM = "apple-generic";
				VERSION_INFO_PREFIX = "";
			};
			name = Debug;
		};
		1777819A20228E41006D5E0A /* Release */ = {
			isa = XCBuildConfiguration;
			buildSettings = {
				APPLICATION_EXTENSION_API_ONLY = NO;
				CLANG_ALLOW_NON_MODULAR_INCLUDES_IN_FRAMEWORK_MODULES = YES;
				CLANG_ENABLE_MODULES = YES;
				CODE_SIGN_IDENTITY = "";
				CODE_SIGN_STYLE = Manual;
				CURRENT_PROJECT_VERSION = 1;
				DEFINES_MODULE = YES;
				DEVELOPMENT_TEAM = "";
				DYLIB_COMPATIBILITY_VERSION = 1;
				DYLIB_CURRENT_VERSION = 1;
				DYLIB_INSTALL_NAME_BASE = "@rpath";
				ENABLE_BITCODE = NO;
				FRAMEWORK_SEARCH_PATHS = "$(PROJECT_DIR)/Carthage/Build/iOS";
				INFOPLIST_FILE = Sources/Info.plist;
				INSTALL_PATH = "$(LOCAL_LIBRARY_DIR)/Frameworks";
				IPHONEOS_DEPLOYMENT_TARGET = 9.0;
				LD_RUNPATH_SEARCH_PATHS = "$(inherited) @executable_path/Frameworks @loader_path/Frameworks";
				PRODUCT_BUNDLE_IDENTIFIER = reswiftmonitor.github.io.ReSwiftMonitor;
				PRODUCT_NAME = "$(TARGET_NAME:c99extidentifier)";
				PROVISIONING_PROFILE_SPECIFIER = "";
				SKIP_INSTALL = YES;
				SWIFT_VERSION = 5.0;
				TARGETED_DEVICE_FAMILY = "1,2";
				VERSIONING_SYSTEM = "apple-generic";
				VERSION_INFO_PREFIX = "";
			};
			name = Release;
		};
		177781BE20236A5F006D5E0A /* Debug */ = {
			isa = XCBuildConfiguration;
			buildSettings = {
				ALWAYS_EMBED_SWIFT_STANDARD_LIBRARIES = YES;
				ASSETCATALOG_COMPILER_APPICON_NAME = AppIcon;
				CLANG_ALLOW_NON_MODULAR_INCLUDES_IN_FRAMEWORK_MODULES = YES;
				CODE_SIGN_IDENTITY = "iPhone Developer";
				CODE_SIGN_STYLE = Automatic;
				DEVELOPMENT_TEAM = P4GR5U4Y4Q;
				ENABLE_BITCODE = NO;
				FRAMEWORK_SEARCH_PATHS = "$(PROJECT_DIR)/Carthage/Build/iOS";
				INFOPLIST_FILE = "ReSwiftMonitor+Sample/Info.plist";
				IPHONEOS_DEPLOYMENT_TARGET = 9.0;
				LD_RUNPATH_SEARCH_PATHS = "$(inherited) @executable_path/Frameworks";
				PRODUCT_BUNDLE_IDENTIFIER = "apps.ReSwiftMonitor-Sample";
				PRODUCT_NAME = "$(TARGET_NAME)";
				PROVISIONING_PROFILE_SPECIFIER = "";
				SWIFT_VERSION = 5.0;
				TARGETED_DEVICE_FAMILY = "1,2";
			};
			name = Debug;
		};
		177781BF20236A5F006D5E0A /* Release */ = {
			isa = XCBuildConfiguration;
			buildSettings = {
				ALWAYS_EMBED_SWIFT_STANDARD_LIBRARIES = YES;
				ASSETCATALOG_COMPILER_APPICON_NAME = AppIcon;
				CLANG_ALLOW_NON_MODULAR_INCLUDES_IN_FRAMEWORK_MODULES = YES;
				CODE_SIGN_IDENTITY = "iPhone Developer";
				CODE_SIGN_STYLE = Automatic;
				DEVELOPMENT_TEAM = P4GR5U4Y4Q;
				ENABLE_BITCODE = NO;
				FRAMEWORK_SEARCH_PATHS = "$(PROJECT_DIR)/Carthage/Build/iOS";
				INFOPLIST_FILE = "ReSwiftMonitor+Sample/Info.plist";
				IPHONEOS_DEPLOYMENT_TARGET = 9.0;
				LD_RUNPATH_SEARCH_PATHS = "$(inherited) @executable_path/Frameworks";
				PRODUCT_BUNDLE_IDENTIFIER = "apps.ReSwiftMonitor-Sample";
				PRODUCT_NAME = "$(TARGET_NAME)";
				PROVISIONING_PROFILE_SPECIFIER = "";
				SWIFT_VERSION = 5.0;
				TARGETED_DEVICE_FAMILY = "1,2";
			};
			name = Release;
		};
/* End XCBuildConfiguration section */

/* Begin XCConfigurationList section */
		1777810020228B1C006D5E0A /* Build configuration list for PBXProject "ReSwiftMonitor" */ = {
			isa = XCConfigurationList;
			buildConfigurations = (
				1777811520228B1C006D5E0A /* Debug */,
				1777811620228B1C006D5E0A /* Release */,
			);
			defaultConfigurationIsVisible = 0;
			defaultConfigurationName = Release;
		};
		1777819820228E41006D5E0A /* Build configuration list for PBXNativeTarget "ReSwiftMonitor" */ = {
			isa = XCConfigurationList;
			buildConfigurations = (
				1777819920228E41006D5E0A /* Debug */,
				1777819A20228E41006D5E0A /* Release */,
			);
			defaultConfigurationIsVisible = 0;
			defaultConfigurationName = Release;
		};
		177781C120236A5F006D5E0A /* Build configuration list for PBXNativeTarget "ReSwiftMonitor+Sample" */ = {
			isa = XCConfigurationList;
			buildConfigurations = (
				177781BE20236A5F006D5E0A /* Debug */,
				177781BF20236A5F006D5E0A /* Release */,
			);
			defaultConfigurationIsVisible = 0;
			defaultConfigurationName = Release;
		};
/* End XCConfigurationList section */
	};
	rootObject = 177780FD20228B1C006D5E0A /* Project object */;
}
